
Microsoft Visual Studio Solution File, Format Version 12.00
# Visual Studio Version 17
VisualStudioVersion = 17.2.32602.215
MinimumVisualStudioVersion = 10.0.40219.1
Project("{9A19103F-16F7-4668-BE54-9A1E7A4F7556}") = "PlaywrightSampleCode", "PlaywrightSampleCode.csproj", "{4E32A2A3-7252-4D37-9A66-12C2BC54C522}"
EndProject
Global
	GlobalSection(SolutionConfigurationPlatforms) = preSolution
		Debug|Any CPU = Debug|Any CPU
		Release|Any CPU = Release|Any CPU
	EndGlobalSection
	GlobalSection(ProjectConfigurationPlatforms) = postSolution
		{4E32A2A3-7252-4D37-9A66-12C2BC54C522}.Debug|Any CPU.ActiveCfg = Debug|Any CPU
		{4E32A2A3-7252-4D37-9A66-12C2BC54C522}.Debug|Any CPU.Build.0 = Debug|Any CPU
		{4E32A2A3-7252-4D37-9A66-12C2BC54C522}.Release|Any CPU.ActiveCfg = Release|Any CPU
		{4E32A2A3-7252-4D37-9A66-12C2BC54C522}.Release|Any CPU.Build.0 = Release|Any CPU
	EndGlobalSection
	GlobalSection(SolutionProperties) = preSolution
		HideSolutionNode = FALSE
	EndGlobalSection
	GlobalSection(ExtensibilityGlobals) = postSolution
		SolutionGuid = {B3661517-5ADE-46DF-A76A-F5C4AD16EB06}
	EndGlobalSection
EndGlobal
